
Microsoft Visual Studio Solution File, Format Version 12.00
# Visual Studio 15
VisualStudioVersion = 15.0.28307.421
MinimumVisualStudioVersion = 10.0.40219.1
Project("{FAE04EC0-301F-11D3-BF4B-00C04F79EFBC}") = "MyShopWeb", "MyShopWeb\MyShopWeb.csproj", "{151AF7B2-F8CC-4853-8274-D4FBB485605E}"
EndProject
Project("{FAE04EC0-301F-11D3-BF4B-00C04F79EFBC}") = "MyshopWebDataAccess.SQL", "MyshopWebDataAccess.SQL\MyshopWebDataAccess.SQL.csproj", "{8E748381-E2EB-42DB-89CE-CFEB8B285D93}"
EndProject
Project("{FAE04EC0-301F-11D3-BF4B-00C04F79EFBC}") = "CoreModel", "CoreMode\CoreModel.csproj", "{5639F9B3-F871-469E-BEDC-FB81428A4BBE}"
EndProject
Global
	GlobalSection(SolutionConfigurationPlatforms) = preSolution
		Debug|Any CPU = Debug|Any CPU
		Debug|ARM = Debug|ARM
		Debug|ARM64 = Debug|ARM64
		Debug|x64 = Debug|x64
		Debug|x86 = Debug|x86
		Release|Any CPU = Release|Any CPU
		Release|ARM = Release|ARM
		Release|ARM64 = Release|ARM64
		Release|x64 = Release|x64
		Release|x86 = Release|x86
	EndGlobalSection
	GlobalSection(ProjectConfigurationPlatforms) = postSolution
		{151AF7B2-F8CC-4853-8274-D4FBB485605E}.Debug|Any CPU.ActiveCfg = Debug|Any CPU
		{151AF7B2-F8CC-4853-8274-D4FBB485605E}.Debug|Any CPU.Build.0 = Debug|Any CPU
		{151AF7B2-F8CC-4853-8274-D4FBB485605E}.Debug|ARM.ActiveCfg = Debug|Any CPU
		{151AF7B2-F8CC-4853-8274-D4FBB485605E}.Debug|ARM.Build.0 = Debug|Any CPU
		{151AF7B2-F8CC-4853-8274-D4FBB485605E}.Debug|ARM64.ActiveCfg = Debug|Any CPU
		{151AF7B2-F8CC-4853-8274-D4FBB485605E}.Debug|ARM64.Build.0 = Debug|Any CPU
		{151AF7B2-F8CC-4853-8274-D4FBB485605E}.Debug|x64.ActiveCfg = Debug|Any CPU
		{151AF7B2-F8CC-4853-8274-D4FBB485605E}.Debug|x64.Build.0 = Debug|Any CPU
		{151AF7B2-F8CC-4853-8274-D4FBB485605E}.Debug|x86.ActiveCfg = Debug|Any CPU
		{151AF7B2-F8CC-4853-8274-D4FBB485605E}.Debug|x86.Build.0 = Debug|Any CPU
		{151AF7B2-F8CC-4853-8274-D4FBB485605E}.Release|Any CPU.ActiveCfg = Release|Any CPU
		{151AF7B2-F8CC-4853-8274-D4FBB485605E}.Release|Any CPU.Build.0 = Release|Any CPU
		{151AF7B2-F8CC-4853-8274-D4FBB485605E}.Release|ARM.ActiveCfg = Release|Any CPU
		{151AF7B2-F8CC-4853-8274-D4FBB485605E}.Release|ARM.Build.0 = Release|Any CPU
		{151AF7B2-F8CC-4853-8274-D4FBB485605E}.Release|ARM64.ActiveCfg = Release|Any CPU
		{151AF7B2-F8CC-4853-8274-D4FBB485605E}.Release|ARM64.Build.0 = Release|Any CPU
		{151AF7B2-F8CC-4853-8274-D4FBB485605E}.Release|x64.ActiveCfg = Release|Any CPU
		{151AF7B2-F8CC-4853-8274-D4FBB485605E}.Release|x64.Build.0 = Release|Any CPU
		{151AF7B2-F8CC-4853-8274-D4FBB485605E}.Release|x86.ActiveCfg = Release|Any CPU
		{151AF7B2-F8CC-4853-8274-D4FBB485605E}.Release|x86.Build.0 = Release|Any CPU
		{8E748381-E2EB-42DB-89CE-CFEB8B285D93}.Debug|Any CPU.ActiveCfg = Debug|Any CPU
		{8E748381-E2EB-42DB-89CE-CFEB8B285D93}.Debug|Any CPU.Build.0 = Debug|Any CPU
		{8E748381-E2EB-42DB-89CE-CFEB8B285D93}.Debug|ARM.ActiveCfg = Debug|Any CPU
		{8E748381-E2EB-42DB-89CE-CFEB8B285D93}.Debug|ARM.Build.0 = Debug|Any CPU
		{8E748381-E2EB-42DB-89CE-CFEB8B285D93}.Debug|ARM64.ActiveCfg = Debug|Any CPU
		{8E748381-E2EB-42DB-89CE-CFEB8B285D93}.Debug|ARM64.Build.0 = Debug|Any CPU
		{8E748381-E2EB-42DB-89CE-CFEB8B285D93}.Debug|x64.ActiveCfg = Debug|Any CPU
		{8E748381-E2EB-42DB-89CE-CFEB8B285D93}.Debug|x64.Build.0 = Debug|Any CPU
		{8E748381-E2EB-42DB-89CE-CFEB8B285D93}.Debug|x86.ActiveCfg = Debug|Any CPU
		{8E748381-E2EB-42DB-89CE-CFEB8B285D93}.Debug|x86.Build.0 = Debug|Any CPU
		{8E748381-E2EB-42DB-89CE-CFEB8B285D93}.Release|Any CPU.ActiveCfg = Release|Any CPU
		{8E748381-E2EB-42DB-89CE-CFEB8B285D93}.Release|Any CPU.Build.0 = Release|Any CPU
		{8E748381-E2EB-42DB-89CE-CFEB8B285D93}.Release|ARM.ActiveCfg = Release|Any CPU
		{8E748381-E2EB-42DB-89CE-CFEB8B285D93}.Release|ARM.Build.0 = Release|Any CPU
		{8E748381-E2EB-42DB-89CE-CFEB8B285D93}.Release|ARM64.ActiveCfg = Release|Any CPU
		{8E748381-E2EB-42DB-89CE-CFEB8B285D93}.Release|ARM64.Build.0 = Release|Any CPU
		{8E748381-E2EB-42DB-89CE-CFEB8B285D93}.Release|x64.ActiveCfg = Release|Any CPU
		{8E748381-E2EB-42DB-89CE-CFEB8B285D93}.Release|x64.Build.0 = Release|Any CPU
		{8E748381-E2EB-42DB-89CE-CFEB8B285D93}.Release|x86.ActiveCfg = Release|Any CPU
		{8E748381-E2EB-42DB-89CE-CFEB8B285D93}.Release|x86.Build.0 = Release|Any CPU
		{5639F9B3-F871-469E-BEDC-FB81428A4BBE}.Debug|Any CPU.ActiveCfg = Debug|Any CPU
		{5639F9B3-F871-469E-BEDC-FB81428A4BBE}.Debug|Any CPU.Build.0 = Debug|Any CPU
		{5639F9B3-F871-469E-BEDC-FB81428A4BBE}.Debug|ARM.ActiveCfg = Debug|Any CPU
		{5639F9B3-F871-469E-BEDC-FB81428A4BBE}.Debug|ARM.Build.0 = Debug|Any CPU
		{5639F9B3-F871-469E-BEDC-FB81428A4BBE}.Debug|ARM64.ActiveCfg = Debug|Any CPU
		{5639F9B3-F871-469E-BEDC-FB81428A4BBE}.Debug|ARM64.Build.0 = Debug|Any CPU
		{5639F9B3-F871-469E-BEDC-FB81428A4BBE}.Debug|x64.ActiveCfg = Debug|Any CPU
		{5639F9B3-F871-469E-BEDC-FB81428A4BBE}.Debug|x64.Build.0 = Debug|Any CPU
		{5639F9B3-F871-469E-BEDC-FB81428A4BBE}.Debug|x86.ActiveCfg = Debug|Any CPU
		{5639F9B3-F871-469E-BEDC-FB81428A4BBE}.Debug|x86.Build.0 = Debug|Any CPU
		{5639F9B3-F871-469E-BEDC-FB81428A4BBE}.Release|Any CPU.ActiveCfg = Release|Any CPU
		{5639F9B3-F871-469E-BEDC-FB81428A4BBE}.Release|Any CPU.Build.0 = Release|Any CPU
		{5639F9B3-F871-469E-BEDC-FB81428A4BBE}.Release|ARM.ActiveCfg = Release|Any CPU
		{5639F9B3-F871-469E-BEDC-FB81428A4BBE}.Release|ARM.Build.0 = Release|Any CPU
		{5639F9B3-F871-469E-BEDC-FB81428A4BBE}.Release|ARM64.ActiveCfg = Release|Any CPU
		{5639F9B3-F871-469E-BEDC-FB81428A4BBE}.Release|ARM64.Build.0 = Release|Any CPU
		{5639F9B3-F871-469E-BEDC-FB81428A4BBE}.Release|x64.ActiveCfg = Release|Any CPU
		{5639F9B3-F871-469E-BEDC-FB81428A4BBE}.Release|x64.Build.0 = Release|Any CPU
		{5639F9B3-F871-469E-BEDC-FB81428A4BBE}.Release|x86.ActiveCfg = Release|Any CPU
		{5639F9B3-F871-469E-BEDC-FB81428A4BBE}.Release|x86.Build.0 = Release|Any CPU
	EndGlobalSection
	GlobalSection(SolutionProperties) = preSolution
		HideSolutionNode = FALSE
	EndGlobalSection
	GlobalSection(ExtensibilityGlobals) = postSolution
		SolutionGuid = {E4A8A39F-7D7B-413E-BEB9-C839C450B31A}
	EndGlobalSection
EndGlobal
